
Microsoft Visual Studio Solution File, Format Version 12.00
# Visual Studio Version 17
VisualStudioVersion = 17.13.35806.99 d17.13
MinimumVisualStudioVersion = 10.0.40219.1
Project("{FAE04EC0-301F-11D3-BF4B-00C04F79EFBC}") = "ResidentEvil4_TrueGear", "ResidentEvil4_TrueGear\ResidentEvil4_TrueGear.csproj", "{C34A1DB6-8B0D-463E-81B9-0BC5DE081212}"
EndProject
Global
	GlobalSection(SolutionConfigurationPlatforms) = preSolution
		Debug|Any CPU = Debug|Any CPU
		Release|Any CPU = Release|Any CPU
	EndGlobalSection
	GlobalSection(ProjectConfigurationPlatforms) = postSolution
		{C34A1DB6-8B0D-463E-81B9-0BC5DE081212}.Debug|Any CPU.ActiveCfg = Debug|Any CPU
		{C34A1DB6-8B0D-463E-81B9-0BC5DE081212}.Debug|Any CPU.Build.0 = Debug|Any CPU
		{C34A1DB6-8B0D-463E-81B9-0BC5DE081212}.Release|Any CPU.ActiveCfg = Release|Any CPU
		{C34A1DB6-8B0D-463E-81B9-0BC5DE081212}.Release|Any CPU.Build.0 = Release|Any CPU
	EndGlobalSection
	GlobalSection(SolutionProperties) = preSolution
		HideSolutionNode = FALSE
	EndGlobalSection
	GlobalSection(ExtensibilityGlobals) = postSolution
		SolutionGuid = {1168D258-8AB0-414B-A488-E6F257762A80}
	EndGlobalSection
EndGlobal
